// !$*UTF8*$!
{
	archiveVersion = 1;
	classes = {
	};
	objectVersion = 50;
	objects = {

/* Begin PBXBuildFile section */
		A3C3D38D2420AA2F00AAEAE0 /* AppDelegate.swift in Sources */ = {isa = PBXBuildFile; fileRef = A3C3D38C2420AA2F00AAEAE0 /* AppDelegate.swift */; };
		A3C3D38F2420AA2F00AAEAE0 /* SceneDelegate.swift in Sources */ = {isa = PBXBuildFile; fileRef = A3C3D38E2420AA2F00AAEAE0 /* SceneDelegate.swift */; };
		A3C3D3912420AA2F00AAEAE0 /* ViewController.swift in Sources */ = {isa = PBXBuildFile; fileRef = A3C3D3902420AA2F00AAEAE0 /* ViewController.swift */; };
		A3C3D3942420AA2F00AAEAE0 /* Main.storyboard in Resources */ = {isa = PBXBuildFile; fileRef = A3C3D3922420AA2F00AAEAE0 /* Main.storyboard */; };
		A3C3D3962420AA3100AAEAE0 /* Assets.xcassets in Resources */ = {isa = PBXBuildFile; fileRef = A3C3D3952420AA3100AAEAE0 /* Assets.xcassets */; };
		A3C3D3992420AA3100AAEAE0 /* LaunchScreen.storyboard in Resources */ = {isa = PBXBuildFile; fileRef = A3C3D3972420AA3100AAEAE0 /* LaunchScreen.storyboard */; };
		A3C3D3A12420AA7B00AAEAE0 /* ShortcutSupportFirst.intentdefinition in Sources */ = {isa = PBXBuildFile; fileRef = A3C3D3A02420AA7B00AAEAE0 /* ShortcutSupportFirst.intentdefinition */; };
/* End PBXBuildFile section */

/* Begin PBXFileReference section */
		A3C3D3892420AA2F00AAEAE0 /* ShortcutSupportApp.app */ = {isa = PBXFileReference; explicitFileType = wrapper.application; includeInIndex = 0; path = ShortcutSupportApp.app; sourceTree = BUILT_PRODUCTS_DIR; };
		A3C3D38C2420AA2F00AAEAE0 /* AppDelegate.swift */ = {isa = PBXFileReference; lastKnownFileType = sourcecode.swift; path = AppDelegate.swift; sourceTree = "<group>"; };
		A3C3D38E2420AA2F00AAEAE0 /* SceneDelegate.swift */ = {isa = PBXFileReference; lastKnownFileType = sourcecode.swift; path = SceneDelegate.swift; sourceTree = "<group>"; };
		A3C3D3902420AA2F00AAEAE0 /* ViewController.swift */ = {isa = PBXFileReference; lastKnownFileType = sourcecode.swift; path = ViewController.swift; sourceTree = "<group>"; };
		A3C3D3932420AA2F00AAEAE0 /* Base */ = {isa = PBXFileReference; lastKnownFileType = file.storyboard; name = Base; path = Base.lproj/Main.storyboard; sourceTree = "<group>"; };
		A3C3D3952420AA3100AAEAE0 /* Assets.xcassets */ = {isa = PBXFileReference; lastKnownFileType = folder.assetcatalog; path = Assets.xcassets; sourceTree = "<group>"; };
		A3C3D3982420AA3100AAEAE0 /* Base */ = {isa = PBXFileReference; lastKnownFileType = file.storyboard; name = Base; path = Base.lproj/LaunchScreen.storyboard; sourceTree = "<group>"; };
		A3C3D39A2420AA3100AAEAE0 /* Info.plist */ = {isa = PBXFileReference; lastKnownFileType = text.plist.xml; path = Info.plist; sourceTree = "<group>"; };
		A3C3D3A02420AA7B00AAEAE0 /* ShortcutSupportFirst.intentdefinition */ = {isa = PBXFileReference; lastKnownFileType = file.intentdefinition; path = ShortcutSupportFirst.intentdefinition; sourceTree = "<group>"; };
		A3C3D3A32420AD2D00AAEAE0 /* Intents.framework */ = {isa = PBXFileReference; lastKnownFileType = wrapper.framework; name = Intents.framework; path = System/Library/Frameworks/Intents.framework; sourceTree = SDKROOT; };
/* End PBXFileReference section */

/* Begin PBXFrameworksBuildPhase section */
		A3C3D3862420AA2F00AAEAE0 /* Frameworks */ = {
			isa = PBXFrameworksBuildPhase;
			buildActionMask = 2147483647;
			files = (
			);
			runOnlyForDeploymentPostprocessing = 0;
		};
/* End PBXFrameworksBuildPhase section */

/* Begin PBXGroup section */
		A3C3D3802420AA2F00AAEAE0 = {
			isa = PBXGroup;
			children = (
				A3C3D38B2420AA2F00AAEAE0 /* ShortcutSupportApp */,
				A3C3D38A2420AA2F00AAEAE0 /* Products */,
				A3C3D3A22420AD2D00AAEAE0 /* Frameworks */,
			);
			sourceTree = "<group>";
		};
		A3C3D38A2420AA2F00AAEAE0 /* Products */ = {
			isa = PBXGroup;
			children = (
				A3C3D3892420AA2F00AAEAE0 /* ShortcutSupportApp.app */,
			);
			name = Products;
			sourceTree = "<group>";
		};
		A3C3D38B2420AA2F00AAEAE0 /* ShortcutSupportApp */ = {
			isa = PBXGroup;
			children = (
				A3C3D38C2420AA2F00AAEAE0 /* AppDelegate.swift */,
				A3C3D38E2420AA2F00AAEAE0 /* SceneDelegate.swift */,
				A3C3D3902420AA2F00AAEAE0 /* ViewController.swift */,
				A3C3D3922420AA2F00AAEAE0 /* Main.storyboard */,
				A3C3D3952420AA3100AAEAE0 /* Assets.xcassets */,
				A3C3D3972420AA3100AAEAE0 /* LaunchScreen.storyboard */,
				A3C3D39A2420AA3100AAEAE0 /* Info.plist */,
				A3C3D3A02420AA7B00AAEAE0 /* ShortcutSupportFirst.intentdefinition */,
			);
			path = ShortcutSupportApp;
			sourceTree = "<group>";
		};
		A3C3D3A22420AD2D00AAEAE0 /* Frameworks */ = {
			isa = PBXGroup;
			children = (
				A3C3D3A32420AD2D00AAEAE0 /* Intents.framework */,
			);
			name = Frameworks;
			sourceTree = "<group>";
		};
/* End PBXGroup section */

/* Begin PBXNativeTarget section */
		A3C3D3882420AA2F00AAEAE0 /* ShortcutSupportApp */ = {
			isa = PBXNativeTarget;
			buildConfigurationList = A3C3D39D2420AA3100AAEAE0 /* Build configuration list for PBXNativeTarget "ShortcutSupportApp" */;
			buildPhases = (
				A3C3D3852420AA2F00AAEAE0 /* Sources */,
				A3C3D3862420AA2F00AAEAE0 /* Frameworks */,
				A3C3D3872420AA2F00AAEAE0 /* Resources */,
			);
			buildRules = (
			);
			dependencies = (
			);
			name = ShortcutSupportApp;
			productName = ShortcutSupportApp;
			productReference = A3C3D3892420AA2F00AAEAE0 /* ShortcutSupportApp.app */;
			productType = "com.apple.product-type.application";
		};
/* End PBXNativeTarget section */

/* Begin PBXProject section */
		A3C3D3812420AA2F00AAEAE0 /* Project object */ = {
			isa = PBXProject;
			attributes = {
				LastSwiftUpdateCheck = 1130;
				LastUpgradeCheck = 1130;
				ORGANIZATIONNAME = JW_Macbook;
				TargetAttributes = {
					A3C3D3882420AA2F00AAEAE0 = {
						CreatedOnToolsVersion = 11.3.1;
					};
				};
			};
			buildConfigurationList = A3C3D3842420AA2F00AAEAE0 /* Build configuration list for PBXProject "ShortcutSupportApp" */;
			compatibilityVersion = "Xcode 9.3";
			developmentRegion = en;
			hasScannedForEncodings = 0;
			knownRegions = (
				en,
				Base,
			);
			mainGroup = A3C3D3802420AA2F00AAEAE0;
			productRefGroup = A3C3D38A2420AA2F00AAEAE0 /* Products */;
			projectDirPath = "";
			projectRoot = "";
			targets = (
				A3C3D3882420AA2F00AAEAE0 /* ShortcutSupportApp */,
			);
		};
/* End PBXProject section */

/* Begin PBXResourcesBuildPhase section */
		A3C3D3872420AA2F00AAEAE0 /* Resources */ = {
			isa = PBXResourcesBuildPhase;
			buildActionMask = 2147483647;
			files = (
				A3C3D3992420AA3100AAEAE0 /* LaunchScreen.storyboard in Resources */,
				A3C3D3962420AA3100AAEAE0 /* Assets.xcassets in Resources */,
				A3C3D3942420AA2F00AAEAE0 /* Main.storyboard in Resources */,
			);
			runOnlyForDeploymentPostprocessing = 0;
		};
/* End PBXResourcesBuildPhase section */

/* Begin PBXSourcesBuildPhase section */
		A3C3D3852420AA2F00AAEAE0 /* Sources */ = {
			isa = PBXSourcesBuildPhase;
			buildActionMask = 2147483647;
			files = (
				A3C3D3912420AA2F00AAEAE0 /* ViewController.swift in Sources */,
				A3C3D38D2420AA2F00AAEAE0 /* AppDelegate.swift in Sources */,
				A3C3D38F2420AA2F00AAEAE0 /* SceneDelegate.swift in Sources */,
				A3C3D3A12420AA7B00AAEAE0 /* ShortcutSupportFirst.intentdefinition in Sources */,
			);
			runOnlyForDeploymentPostprocessing = 0;
		};
/* End PBXSourcesBuildPhase section */

/* Begin PBXVariantGroup section */
		A3C3D3922420AA2F00AAEAE0 /* Main.storyboard */ = {
			isa = PBXVariantGroup;
			children = (
				A3C3D3932420AA2F00AAEAE0 /* Base */,
			);
			name = Main.storyboard;
			sourceTree = "<group>";
		};
		A3C3D3972420AA3100AAEAE0 /* LaunchScreen.storyboard */ = {
			isa = PBXVariantGroup;
			children = (
				A3C3D3982420AA3100AAEAE0 /* Base */,
			);
			name = LaunchScreen.storyboard;
			sourceTree = "<group>";
		};
/* End PBXVariantGroup section */

/* Begin XCBuildConfiguration section */
		A3C3D39B2420AA3100AAEAE0 /* Debug */ = {
			isa = XCBuildConfiguration;
			buildSettings = {
				ALWAYS_SEARCH_USER_PATHS = NO;
				CLANG_ANALYZER_NONNULL = YES;
				CLANG_ANALYZER_NUMBER_OBJECT_CONVERSION = YES_AGGRESSIVE;
				CLANG_CXX_LANGUAGE_STANDARD = "gnu++14";
				CLANG_CXX_LIBRARY = "libc++";
				CLANG_ENABLE_MODULES = YES;
				CLANG_ENABLE_OBJC_ARC = YES;
				CLANG_ENABLE_OBJC_WEAK = YES;
				CLANG_WARN_BLOCK_CAPTURE_AUTORELEASING = YES;
				CLANG_WARN_BOOL_CONVERSION = YES;
				CLANG_WARN_COMMA = YES;
				CLANG_WARN_CONSTANT_CONVERSION = YES;
				CLANG_WARN_DEPRECATED_OBJC_IMPLEMENTATIONS = YES;
				CLANG_WARN_DIRECT_OBJC_ISA_USAGE = YES_ERROR;
				CLANG_WARN_DOCUMENTATION_COMMENTS = YES;
				CLANG_WARN_EMPTY_BODY = YES;
				CLANG_WARN_ENUM_CONVERSION = YES;
				CLANG_WARN_INFINITE_RECURSION = YES;
				CLANG_WARN_INT_CONVERSION = YES;
				CLANG_WARN_NON_LITERAL_NULL_CONVERSION = YES;
				CLANG_WARN_OBJC_IMPLICIT_RETAIN_SELF = YES;
				CLANG_WARN_OBJC_LITERAL_CONVERSION = YES;
				CLANG_WARN_OBJC_ROOT_CLASS = YES_ERROR;
				CLANG_WARN_RANGE_LOOP_ANALYSIS = YES;
				CLANG_WARN_STRICT_PROTOTYPES = YES;
				CLANG_WARN_SUSPICIOUS_MOVE = YES;
				CLANG_WARN_UNGUARDED_AVAILABILITY = YES_AGGRESSIVE;
				CLANG_WARN_UNREACHABLE_CODE = YES;
				CLANG_WARN__DUPLICATE_METHOD_MATCH = YES;
				COPY_PHASE_STRIP = NO;
				DEBUG_INFORMATION_FORMAT = dwarf;
				ENABLE_STRICT_OBJC_MSGSEND = YES;
				ENABLE_TESTABILITY = YES;
				GCC_C_LANGUAGE_STANDARD = gnu11;
				GCC_DYNAMIC_NO_PIC = NO;
				GCC_NO_COMMON_BLOCKS = YES;
				GCC_OPTIMIZATION_LEVEL = 0;
				GCC_PREPROCESSOR_DEFINITIONS = (
					"DEBUG=1",
					"$(inherited)",
				);
				GCC_WARN_64_TO_32_BIT_CONVERSION = YES;
				GCC_WARN_ABOUT_RETURN_TYPE = YES_ERROR;
				GCC_WARN_UNDECLARED_SELECTOR = YES;
				GCC_WARN_UNINITIALIZED_AUTOS = YES_AGGRESSIVE;
				GCC_WARN_UNUSED_FUNCTION = YES;
				GCC_WARN_UNUSED_VARIABLE = YES;
				IPHONEOS_DEPLOYMENT_TARGET = 13.2;
				MTL_ENABLE_DEBUG_INFO = INCLUDE_SOURCE;
				MTL_FAST_MATH = YES;
				ONLY_ACTIVE_ARCH = YES;
				SDKROOT = iphoneos;
				SWIFT_ACTIVE_COMPILATION_CONDITIONS = DEBUG;
				SWIFT_OPTIMIZATION_LEVEL = "-Onone";
			};
			name = Debug;
		};
		A3C3D39C2420AA3100AAEAE0 /* Release */ = {
			isa = XCBuildConfiguration;
			buildSettings = {
				ALWAYS_SEARCH_USER_PATHS = NO;
				CLANG_ANALYZER_NONNULL = YES;
				CLANG_ANALYZER_NUMBER_OBJECT_CONVERSION = YES_AGGRESSIVE;
				CLANG_CXX_LANGUAGE_STANDARD = "gnu++14";
				CLANG_CXX_LIBRARY = "libc++";
				CLANG_ENABLE_MODULES = YES;
				CLANG_ENABLE_OBJC_ARC = YES;
				CLANG_ENABLE_OBJC_WEAK = YES;
				CLANG_WARN_BLOCK_CAPTURE_AUTORELEASING = YES;
				CLANG_WARN_BOOL_CONVERSION = YES;
				CLANG_WARN_COMMA = YES;
				CLANG_WARN_CONSTANT_CONVERSION = YES;
				CLANG_WARN_DEPRECATED_OBJC_IMPLEMENTATIONS = YES;
				CLANG_WARN_DIRECT_OBJC_ISA_USAGE = YES_ERROR;
				CLANG_WARN_DOCUMENTATION_COMMENTS = YES;
				CLANG_WARN_EMPTY_BODY = YES;
				CLANG_WARN_ENUM_CONVERSION = YES;
				CLANG_WARN_INFINITE_RECURSION = YES;
				CLANG_WARN_INT_CONVERSION = YES;
				CLANG_WARN_NON_LITERAL_NULL_CONVERSION = YES;
				CLANG_WARN_OBJC_IMPLICIT_RETAIN_SELF = YES;
				CLANG_WARN_OBJC_LITERAL_CONVERSION = YES;
				CLANG_WARN_OBJC_ROOT_CLASS = YES_ERROR;
				CLANG_WARN_RANGE_LOOP_ANALYSIS = YES;
				CLANG_WARN_STRICT_PROTOTYPES = YES;
				CLANG_WARN_SUSPICIOUS_MOVE = YES;
				CLANG_WARN_UNGUARDED_AVAILABILITY = YES_AGGRESSIVE;
				CLANG_WARN_UNREACHABLE_CODE = YES;
				CLANG_WARN__DUPLICATE_METHOD_MATCH = YES;
				COPY_PHASE_STRIP = NO;
				DEBUG_INFORMATION_FORMAT = "dwarf-with-dsym";
				ENABLE_NS_ASSERTIONS = NO;
				ENABLE_STRICT_OBJC_MSGSEND = YES;
				GCC_C_LANGUAGE_STANDARD = gnu11;
				GCC_NO_COMMON_BLOCKS = YES;
				GCC_WARN_64_TO_32_BIT_CONVERSION = YES;
				GCC_WARN_ABOUT_RETURN_TYPE = YES_ERROR;
				GCC_WARN_UNDECLARED_SELECTOR = YES;
				GCC_WARN_UNINITIALIZED_AUTOS = YES_AGGRESSIVE;
				GCC_WARN_UNUSED_FUNCTION = YES;
				GCC_WARN_UNUSED_VARIABLE = YES;
				IPHONEOS_DEPLOYMENT_TARGET = 13.2;
				MTL_ENABLE_DEBUG_INFO = NO;
				MTL_FAST_MATH = YES;
				SDKROOT = iphoneos;
				SWIFT_COMPILATION_MODE = wholemodule;
				SWIFT_OPTIMIZATION_LEVEL = "-O";
				VALIDATE_PRODUCT = YES;
			};
			name = Release;
		};
		A3C3D39E2420AA3100AAEAE0 /* Debug */ = {
			isa = XCBuildConfiguration;
			buildSettings = {
				ASSETCATALOG_COMPILER_APPICON_NAME = AppIcon;
				CODE_SIGN_STYLE = Automatic;
				DEVELOPMENT_TEAM = BR6U9G47ZR;
				INFOPLIST_FILE = ShortcutSupportApp/Info.plist;
				INTENTS_CODEGEN_LANGUAGE = Swift;
				LD_RUNPATH_SEARCH_PATHS = (
					"$(inherited)",
					"@executable_path/Frameworks",
				);
				PRODUCT_BUNDLE_IDENTIFIER = com.douzone.testShortcut;
				PRODUCT_NAME = "$(TARGET_NAME)";
				SWIFT_VERSION = 5.0;
				TARGETED_DEVICE_FAMILY = "1,2";
			};
			name = Debug;
		};
		A3C3D39F2420AA3100AAEAE0 /* Release */ = {
			isa = XCBuildConfiguration;
			buildSettings = {
				ASSETCATALOG_COMPILER_APPICON_NAME = AppIcon;
				CODE_SIGN_STYLE = Automatic;
				DEVELOPMENT_TEAM = BR6U9G47ZR;
				INFOPLIST_FILE = ShortcutSupportApp/Info.plist;
				INTENTS_CODEGEN_LANGUAGE = Swift;
				LD_RUNPATH_SEARCH_PATHS = (
					"$(inherited)",
					"@executable_path/Frameworks",
				);
				PRODUCT_BUNDLE_IDENTIFIER = com.douzone.testShortcut;
				PRODUCT_NAME = "$(TARGET_NAME)";
				SWIFT_VERSION = 5.0;
				TARGETED_DEVICE_FAMILY = "1,2";
			};
			name = Release;
		};
/* End XCBuildConfiguration section */

/* Begin XCConfigurationList section */
		A3C3D3842420AA2F00AAEAE0 /* Build configuration list for PBXProject "ShortcutSupportApp" */ = {
			isa = XCConfigurationList;
			buildConfigurations = (
				A3C3D39B2420AA3100AAEAE0 /* Debug */,
				A3C3D39C2420AA3100AAEAE0 /* Release */,
			);
			defaultConfigurationIsVisible = 0;
			defaultConfigurationName = Release;
		};
		A3C3D39D2420AA3100AAEAE0 /* Build configuration list for PBXNativeTarget "ShortcutSupportApp" */ = {
			isa = XCConfigurationList;
			buildConfigurations = (
				A3C3D39E2420AA3100AAEAE0 /* Debug */,
				A3C3D39F2420AA3100AAEAE0 /* Release */,
			);
			defaultConfigurationIsVisible = 0;
			defaultConfigurationName = Release;
		};
/* End XCConfigurationList section */
	};
	rootObject = A3C3D3812420AA2F00AAEAE0 /* Project object */;
}
